// !$*UTF8*$!
{
	archiveVersion = 1;
	classes = {
	};
	objectVersion = 48;
	objects = {

/* Begin PBXBuildFile section */
		8431E65D1FE86A6F00D9B645 /* RNNearableManager.m in Sources */ = {isa = PBXBuildFile; fileRef = 8431E65C1FE86A6F00D9B645 /* RNNearableManager.m */; };
		8431E6601FE8751E00D9B645 /* RNBeaconManager.m in Sources */ = {isa = PBXBuildFile; fileRef = 8431E65F1FE8751E00D9B645 /* RNBeaconManager.m */; };
		84A82AAE1FE7849700B02B34 /* RNDeviceManager.m in Sources */ = {isa = PBXBuildFile; fileRef = 84A82AAD1FE7849700B02B34 /* RNDeviceManager.m */; };
		84A82AAF1FE7849700B02B34 /* RNDeviceManager.h in CopyFiles */ = {isa = PBXBuildFile; fileRef = 84A82AAC1FE7849700B02B34 /* RNDeviceManager.h */; };
/* End PBXBuildFile section */

/* Begin PBXCopyFilesBuildPhase section */
		84A82AA71FE7849700B02B34 /* CopyFiles */ = {
			isa = PBXCopyFilesBuildPhase;
			buildActionMask = 2147483647;
			dstPath = "include/$(PRODUCT_NAME)";
			dstSubfolderSpec = 16;
			files = (
				84A82AAF1FE7849700B02B34 /* RNDeviceManager.h in CopyFiles */,
			);
			runOnlyForDeploymentPostprocessing = 0;
		};
/* End PBXCopyFilesBuildPhase section */

/* Begin PBXFileReference section */
		8431E65B1FE86A6F00D9B645 /* RNNearableManager.h */ = {isa = PBXFileReference; lastKnownFileType = sourcecode.c.h; path = RNNearableManager.h; sourceTree = "<group>"; };
		8431E65C1FE86A6F00D9B645 /* RNNearableManager.m */ = {isa = PBXFileReference; lastKnownFileType = sourcecode.c.objc; path = RNNearableManager.m; sourceTree = "<group>"; };
		8431E65E1FE8751E00D9B645 /* RNBeaconManager.h */ = {isa = PBXFileReference; lastKnownFileType = sourcecode.c.h; path = RNBeaconManager.h; sourceTree = "<group>"; };
		8431E65F1FE8751E00D9B645 /* RNBeaconManager.m */ = {isa = PBXFileReference; lastKnownFileType = sourcecode.c.objc; path = RNBeaconManager.m; sourceTree = "<group>"; };
		84A82AA91FE7849700B02B34 /* libRNEstimote.a */ = {isa = PBXFileReference; explicitFileType = archive.ar; includeInIndex = 0; path = libRNEstimote.a; sourceTree = BUILT_PRODUCTS_DIR; };
		84A82AAC1FE7849700B02B34 /* RNDeviceManager.h */ = {isa = PBXFileReference; lastKnownFileType = sourcecode.c.h; path = RNDeviceManager.h; sourceTree = "<group>"; };
		84A82AAD1FE7849700B02B34 /* RNDeviceManager.m */ = {isa = PBXFileReference; lastKnownFileType = sourcecode.c.objc; path = RNDeviceManager.m; sourceTree = "<group>"; };
/* End PBXFileReference section */

/* Begin PBXFrameworksBuildPhase section */
		84A82AA61FE7849700B02B34 /* Frameworks */ = {
			isa = PBXFrameworksBuildPhase;
			buildActionMask = 2147483647;
			files = (
			);
			runOnlyForDeploymentPostprocessing = 0;
		};
/* End PBXFrameworksBuildPhase section */

/* Begin PBXGroup section */
		84A82AA01FE7849700B02B34 = {
			isa = PBXGroup;
			children = (
				84A82AAB1FE7849700B02B34 /* RNEstimote */,
				84A82AAA1FE7849700B02B34 /* Products */,
			);
			sourceTree = "<group>";
		};
		84A82AAA1FE7849700B02B34 /* Products */ = {
			isa = PBXGroup;
			children = (
				84A82AA91FE7849700B02B34 /* libRNEstimote.a */,
			);
			name = Products;
			sourceTree = "<group>";
		};
		84A82AAB1FE7849700B02B34 /* RNEstimote */ = {
			isa = PBXGroup;
			children = (
				84A82AAC1FE7849700B02B34 /* RNDeviceManager.h */,
				84A82AAD1FE7849700B02B34 /* RNDeviceManager.m */,
				8431E65B1FE86A6F00D9B645 /* RNNearableManager.h */,
				8431E65C1FE86A6F00D9B645 /* RNNearableManager.m */,
				8431E65E1FE8751E00D9B645 /* RNBeaconManager.h */,
				8431E65F1FE8751E00D9B645 /* RNBeaconManager.m */,
			);
			path = RNEstimote;
			sourceTree = "<group>";
		};
/* End PBXGroup section */

/* Begin PBXNativeTarget section */
		84A82AA81FE7849700B02B34 /* RNEstimote */ = {
			isa = PBXNativeTarget;
			buildConfigurationList = 84A82AB21FE7849700B02B34 /* Build configuration list for PBXNativeTarget "RNEstimote" */;
			buildPhases = (
				84A82AA51FE7849700B02B34 /* Sources */,
				84A82AA61FE7849700B02B34 /* Frameworks */,
				84A82AA71FE7849700B02B34 /* CopyFiles */,
			);
			buildRules = (
			);
			dependencies = (
			);
			name = RNEstimote;
			productName = RNEstimote;
			productReference = 84A82AA91FE7849700B02B34 /* libRNEstimote.a */;
			productType = "com.apple.product-type.library.static";
		};
/* End PBXNativeTarget section */

/* Begin PBXProject section */
		84A82AA11FE7849700B02B34 /* Project object */ = {
			isa = PBXProject;
			attributes = {
				LastUpgradeCheck = 0920;
				ORGANIZATIONNAME = Admin;
				TargetAttributes = {
					84A82AA81FE7849700B02B34 = {
						CreatedOnToolsVersion = 9.2;
						ProvisioningStyle = Automatic;
					};
				};
			};
			buildConfigurationList = 84A82AA41FE7849700B02B34 /* Build configuration list for PBXProject "RNEstimote" */;
			compatibilityVersion = "Xcode 8.0";
			developmentRegion = en;
			hasScannedForEncodings = 0;
			knownRegions = (
				en,
			);
			mainGroup = 84A82AA01FE7849700B02B34;
			productRefGroup = 84A82AAA1FE7849700B02B34 /* Products */;
			projectDirPath = "";
			projectRoot = "";
			targets = (
				84A82AA81FE7849700B02B34 /* RNEstimote */,
			);
		};
/* End PBXProject section */

/* Begin PBXSourcesBuildPhase section */
		84A82AA51FE7849700B02B34 /* Sources */ = {
			isa = PBXSourcesBuildPhase;
			buildActionMask = 2147483647;
			files = (
				84A82AAE1FE7849700B02B34 /* RNDeviceManager.m in Sources */,
				8431E6601FE8751E00D9B645 /* RNBeaconManager.m in Sources */,
				8431E65D1FE86A6F00D9B645 /* RNNearableManager.m in Sources */,
			);
			runOnlyForDeploymentPostprocessing = 0;
		};
/* End PBXSourcesBuildPhase section */

/* Begin XCBuildConfiguration section */
		84A82AB01FE7849700B02B34 /* Debug */ = {
			isa = XCBuildConfiguration;
			buildSettings = {
				ALWAYS_SEARCH_USER_PATHS = NO;
				CLANG_ANALYZER_NONNULL = YES;
				CLANG_ANALYZER_NUMBER_OBJECT_CONVERSION = YES_AGGRESSIVE;
				CLANG_CXX_LANGUAGE_STANDARD = "gnu++14";
				CLANG_CXX_LIBRARY = "libc++";
				CLANG_ENABLE_MODULES = YES;
				CLANG_ENABLE_OBJC_ARC = YES;
				CLANG_WARN_BLOCK_CAPTURE_AUTORELEASING = YES;
				CLANG_WARN_BOOL_CONVERSION = YES;
				CLANG_WARN_COMMA = YES;
				CLANG_WARN_CONSTANT_CONVERSION = YES;
				CLANG_WARN_DIRECT_OBJC_ISA_USAGE = YES_ERROR;
				CLANG_WARN_DOCUMENTATION_COMMENTS = YES;
				CLANG_WARN_EMPTY_BODY = YES;
				CLANG_WARN_ENUM_CONVERSION = YES;
				CLANG_WARN_INFINITE_RECURSION = YES;
				CLANG_WARN_INT_CONVERSION = YES;
				CLANG_WARN_NON_LITERAL_NULL_CONVERSION = YES;
				CLANG_WARN_OBJC_LITERAL_CONVERSION = YES;
				CLANG_WARN_OBJC_ROOT_CLASS = YES_ERROR;
				CLANG_WARN_RANGE_LOOP_ANALYSIS = YES;
				CLANG_WARN_STRICT_PROTOTYPES = YES;
				CLANG_WARN_SUSPICIOUS_MOVE = YES;
				CLANG_WARN_UNGUARDED_AVAILABILITY = YES_AGGRESSIVE;
				CLANG_WARN_UNREACHABLE_CODE = YES;
				CLANG_WARN__DUPLICATE_METHOD_MATCH = YES;
				CODE_SIGN_IDENTITY = "iPhone Developer";
				COPY_PHASE_STRIP = NO;
				DEBUG_INFORMATION_FORMAT = dwarf;
				ENABLE_STRICT_OBJC_MSGSEND = YES;
				ENABLE_TESTABILITY = YES;
				GCC_C_LANGUAGE_STANDARD = gnu11;
				GCC_DYNAMIC_NO_PIC = NO;
				GCC_NO_COMMON_BLOCKS = YES;
				GCC_OPTIMIZATION_LEVEL = 0;
				GCC_PREPROCESSOR_DEFINITIONS = (
					"DEBUG=1",
					"$(inherited)",
				);
				GCC_WARN_64_TO_32_BIT_CONVERSION = YES;
				GCC_WARN_ABOUT_RETURN_TYPE = YES_ERROR;
				GCC_WARN_UNDECLARED_SELECTOR = YES;
				GCC_WARN_UNINITIALIZED_AUTOS = YES_AGGRESSIVE;
				GCC_WARN_UNUSED_FUNCTION = YES;
				GCC_WARN_UNUSED_VARIABLE = YES;
				IPHONEOS_DEPLOYMENT_TARGET = 11.2;
				MTL_ENABLE_DEBUG_INFO = YES;
				ONLY_ACTIVE_ARCH = YES;
				SDKROOT = iphoneos;
			};
			name = Debug;
		};
		84A82AB11FE7849700B02B34 /* Release */ = {
			isa = XCBuildConfiguration;
			buildSettings = {
				ALWAYS_SEARCH_USER_PATHS = NO;
				CLANG_ANALYZER_NONNULL = YES;
				CLANG_ANALYZER_NUMBER_OBJECT_CONVERSION = YES_AGGRESSIVE;
				CLANG_CXX_LANGUAGE_STANDARD = "gnu++14";
				CLANG_CXX_LIBRARY = "libc++";
				CLANG_ENABLE_MODULES = YES;
				CLANG_ENABLE_OBJC_ARC = YES;
				CLANG_WARN_BLOCK_CAPTURE_AUTORELEASING = YES;
				CLANG_WARN_BOOL_CONVERSION = YES;
				CLANG_WARN_COMMA = YES;
				CLANG_WARN_CONSTANT_CONVERSION = YES;
				CLANG_WARN_DIRECT_OBJC_ISA_USAGE = YES_ERROR;
				CLANG_WARN_DOCUMENTATION_COMMENTS = YES;
				CLANG_WARN_EMPTY_BODY = YES;
				CLANG_WARN_ENUM_CONVERSION = YES;
				CLANG_WARN_INFINITE_RECURSION = YES;
				CLANG_WARN_INT_CONVERSION = YES;
				CLANG_WARN_NON_LITERAL_NULL_CONVERSION = YES;
				CLANG_WARN_OBJC_LITERAL_CONVERSION = YES;
				CLANG_WARN_OBJC_ROOT_CLASS = YES_ERROR;
				CLANG_WARN_RANGE_LOOP_ANALYSIS = YES;
				CLANG_WARN_STRICT_PROTOTYPES = YES;
				CLANG_WARN_SUSPICIOUS_MOVE = YES;
				CLANG_WARN_UNGUARDED_AVAILABILITY = YES_AGGRESSIVE;
				CLANG_WARN_UNREACHABLE_CODE = YES;
				CLANG_WARN__DUPLICATE_METHOD_MATCH = YES;
				CODE_SIGN_IDENTITY = "iPhone Developer";
				COPY_PHASE_STRIP = NO;
				DEBUG_INFORMATION_FORMAT = "dwarf-with-dsym";
				ENABLE_NS_ASSERTIONS = NO;
				ENABLE_STRICT_OBJC_MSGSEND = YES;
				GCC_C_LANGUAGE_STANDARD = gnu11;
				GCC_NO_COMMON_BLOCKS = YES;
				GCC_WARN_64_TO_32_BIT_CONVERSION = YES;
				GCC_WARN_ABOUT_RETURN_TYPE = YES_ERROR;
				GCC_WARN_UNDECLARED_SELECTOR = YES;
				GCC_WARN_UNINITIALIZED_AUTOS = YES_AGGRESSIVE;
				GCC_WARN_UNUSED_FUNCTION = YES;
				GCC_WARN_UNUSED_VARIABLE = YES;
				IPHONEOS_DEPLOYMENT_TARGET = 11.2;
				MTL_ENABLE_DEBUG_INFO = NO;
				SDKROOT = iphoneos;
				VALIDATE_PRODUCT = YES;
			};
			name = Release;
		};
		84A82AB31FE7849700B02B34 /* Debug */ = {
			isa = XCBuildConfiguration;
			buildSettings = {
				CODE_SIGN_STYLE = Automatic;
				DEVELOPMENT_TEAM = EQ8KDJ9K74;
				FRAMEWORK_SEARCH_PATHS = "$(SRCROOT)/../../../ios";
				HEADER_SEARCH_PATHS = "$(SRCROOT)/../../../node_modules/react-native/React/**";
				OTHER_LDFLAGS = "-ObjC";
				PRODUCT_NAME = "$(TARGET_NAME)";
				SKIP_INSTALL = YES;
				TARGETED_DEVICE_FAMILY = "1,2";
				USER_HEADER_SEARCH_PATHS = "";
			};
			name = Debug;
		};
		84A82AB41FE7849700B02B34 /* Release */ = {
			isa = XCBuildConfiguration;
			buildSettings = {
				CODE_SIGN_STYLE = Automatic;
				DEVELOPMENT_TEAM = EQ8KDJ9K74;
				FRAMEWORK_SEARCH_PATHS = "$(SRCROOT)/../../../ios";
				HEADER_SEARCH_PATHS = "$(SRCROOT)/../../../node_modules/react-native/React/**";
				OTHER_LDFLAGS = "-ObjC";
				PRODUCT_NAME = "$(TARGET_NAME)";
				SKIP_INSTALL = YES;
				TARGETED_DEVICE_FAMILY = "1,2";
				USER_HEADER_SEARCH_PATHS = "";
			};
			name = Release;
		};
/* End XCBuildConfiguration section */

/* Begin XCConfigurationList section */
		84A82AA41FE7849700B02B34 /* Build configuration list for PBXProject "RNEstimote" */ = {
			isa = XCConfigurationList;
			buildConfigurations = (
				84A82AB01FE7849700B02B34 /* Debug */,
				84A82AB11FE7849700B02B34 /* Release */,
			);
			defaultConfigurationIsVisible = 0;
			defaultConfigurationName = Release;
		};
		84A82AB21FE7849700B02B34 /* Build configuration list for PBXNativeTarget "RNEstimote" */ = {
			isa = XCConfigurationList;
			buildConfigurations = (
				84A82AB31FE7849700B02B34 /* Debug */,
				84A82AB41FE7849700B02B34 /* Release */,
			);
			defaultConfigurationIsVisible = 0;
			defaultConfigurationName = Release;
		};
/* End XCConfigurationList section */
	};
	rootObject = 84A82AA11FE7849700B02B34 /* Project object */;
}
